
Microsoft Visual Studio Solution File, Format Version 12.00
# Visual Studio 15
VisualStudioVersion = 15.0.28010.2036
MinimumVisualStudioVersion = 10.0.40219.1
Project("{FAE04EC0-301F-11D3-BF4B-00C04F79EFBC}") = "Appmedica.Api", "Appmedica.Api\Appmedica.Api.csproj", "{0782E51C-F9D6-4429-A1DB-684FB095D4DB}"
EndProject
Project("{FAE04EC0-301F-11D3-BF4B-00C04F79EFBC}") = "Appmedica.dominio", "Appmedica.dominio\Appmedica.dominio.csproj", "{3EC787FD-7A6A-4380-A58A-D84667729C9D}"
EndProject
Project("{FAE04EC0-301F-11D3-BF4B-00C04F79EFBC}") = "Appmedica.Xamarin.Android", "Appmedica.Xamarin\Appmedica.Xamarin.Android\Appmedica.Xamarin.Android.csproj", "{E8804023-E222-4099-8650-462272501407}"
EndProject
Project("{FAE04EC0-301F-11D3-BF4B-00C04F79EFBC}") = "Appmedica.Xamarin", "Appmedica.Xamarin\Appmedica.Xamarin\Appmedica.Xamarin.csproj", "{BE5DBD16-B387-43B0-9532-124753E96965}"
EndProject
Global
	GlobalSection(SolutionConfigurationPlatforms) = preSolution
		Debug|Any CPU = Debug|Any CPU
		Release|Any CPU = Release|Any CPU
	EndGlobalSection
	GlobalSection(ProjectConfigurationPlatforms) = postSolution
		{0782E51C-F9D6-4429-A1DB-684FB095D4DB}.Debug|Any CPU.ActiveCfg = Debug|Any CPU
		{0782E51C-F9D6-4429-A1DB-684FB095D4DB}.Debug|Any CPU.Build.0 = Debug|Any CPU
		{0782E51C-F9D6-4429-A1DB-684FB095D4DB}.Release|Any CPU.ActiveCfg = Release|Any CPU
		{0782E51C-F9D6-4429-A1DB-684FB095D4DB}.Release|Any CPU.Build.0 = Release|Any CPU
		{3EC787FD-7A6A-4380-A58A-D84667729C9D}.Debug|Any CPU.ActiveCfg = Debug|Any CPU
		{3EC787FD-7A6A-4380-A58A-D84667729C9D}.Debug|Any CPU.Build.0 = Debug|Any CPU
		{3EC787FD-7A6A-4380-A58A-D84667729C9D}.Release|Any CPU.ActiveCfg = Release|Any CPU
		{3EC787FD-7A6A-4380-A58A-D84667729C9D}.Release|Any CPU.Build.0 = Release|Any CPU
		{E8804023-E222-4099-8650-462272501407}.Debug|Any CPU.ActiveCfg = Debug|Any CPU
		{E8804023-E222-4099-8650-462272501407}.Debug|Any CPU.Build.0 = Debug|Any CPU
		{E8804023-E222-4099-8650-462272501407}.Debug|Any CPU.Deploy.0 = Debug|Any CPU
		{E8804023-E222-4099-8650-462272501407}.Release|Any CPU.ActiveCfg = Release|Any CPU
		{E8804023-E222-4099-8650-462272501407}.Release|Any CPU.Build.0 = Release|Any CPU
		{E8804023-E222-4099-8650-462272501407}.Release|Any CPU.Deploy.0 = Release|Any CPU
		{BE5DBD16-B387-43B0-9532-124753E96965}.Debug|Any CPU.ActiveCfg = Debug|Any CPU
		{BE5DBD16-B387-43B0-9532-124753E96965}.Debug|Any CPU.Build.0 = Debug|Any CPU
		{BE5DBD16-B387-43B0-9532-124753E96965}.Release|Any CPU.ActiveCfg = Release|Any CPU
		{BE5DBD16-B387-43B0-9532-124753E96965}.Release|Any CPU.Build.0 = Release|Any CPU
	EndGlobalSection
	GlobalSection(SolutionProperties) = preSolution
		HideSolutionNode = FALSE
	EndGlobalSection
	GlobalSection(ExtensibilityGlobals) = postSolution
		SolutionGuid = {0FF79F6A-D92E-4EC6-8F90-6F28016CA4F6}
	EndGlobalSection
EndGlobal
